<?xml version="1.0" encoding="utf-8"?>
<Project ToolsVersion="4.0" xmlns="http://schemas.microsoft.com/developer/msbuild/2003">
  <ItemGroup>
    <Filter Include="src">
      <UniqueIdentifier>{2DAB880B-99B4-887C-2230-9F7C8E38947C}</UniqueIdentifier>
    </Filter>
    <Filter Include="vendor">
      <UniqueIdentifier>{B3738122-9F15-ACF8-88D0-BF4C74113349}</UniqueIdentifier>
    </Filter>
    <Filter Include="vendor\AudioFile">
      <UniqueIdentifier>{74C54D37-60BE-6C89-89F0-510E75484C95}</UniqueIdentifier>
    </Filter>
    <Filter Include="vendor\ImGui">
      <UniqueIdentifier>{1DA38CEE-0906-1C93-B28B-54499ECDE715}</UniqueIdentifier>
    </Filter>
    <Filter Include="vendor\nativefiledialog">
      <UniqueIdentifier>{9985D305-05BD-1B9D-0EC7-7FC07A7D4296}</UniqueIdentifier>
    </Filter>
  </ItemGroup>
  <ItemGroup>
    <ClInclude Include="src\AudioFP.h">
      <Filter>src</Filter>
    </ClInclude>
    <ClInclude Include="src\ShotBoundaries.h">
      <Filter>src</Filter>
    </ClInclude>
    <ClInclude Include="src\TestColor.h">
      <Filter>src</Filter>
    </ClInclude>
    <ClInclude Include="src\VideoState.h">
      <Filter>src</Filter>
    </ClInclude>
    <ClInclude Include="src\combine.h">
      <Filter>src</Filter>
    </ClInclude>
    <ClInclude Include="vendor\AudioFile\AudioFile.h">
      <Filter>vendor\AudioFile</Filter>
    </ClInclude>
    <ClInclude Include="vendor\ImGui\imconfig.h">
      <Filter>vendor\ImGui</Filter>
    </ClInclude>
    <ClInclude Include="vendor\ImGui\imgui.h">
      <Filter>vendor\ImGui</Filter>
    </ClInclude>
    <ClInclude Include="vendor\ImGui\imgui_impl_sdl2.h">
      <Filter>vendor\ImGui</Filter>
    </ClInclude>
    <ClInclude Include="vendor\ImGui\imgui_impl_sdlrenderer2.h">
      <Filter>vendor\ImGui</Filter>
    </ClInclude>
    <ClInclude Include="vendor\ImGui\imgui_internal.h">
      <Filter>vendor\ImGui</Filter>
    </ClInclude>
    <ClInclude Include="vendor\ImGui\imstb_rectpack.h">
      <Filter>vendor\ImGui</Filter>
    </ClInclude>
    <ClInclude Include="vendor\ImGui\imstb_textedit.h">
      <Filter>vendor\ImGui</Filter>
    </ClInclude>
    <ClInclude Include="vendor\ImGui\imstb_truetype.h">
      <Filter>vendor\ImGui</Filter>
    </ClInclude>
  </ItemGroup>
  <ItemGroup>
    <ClCompile Include="src\AudioFP.cpp">
      <Filter>src</Filter>
    </ClCompile>
    <ClCompile Include="src\ShotBoundaries.cpp">
      <Filter>src</Filter>
    </ClCompile>
    <ClCompile Include="src\TestColor.cpp">
      <Filter>src</Filter>
    </ClCompile>
    <ClCompile Include="src\VideoState.cpp">
      <Filter>src</Filter>
    </ClCompile>
    <ClCompile Include="src\combine.cpp">
      <Filter>src</Filter>
    </ClCompile>
    <ClCompile Include="src\main.cpp">
      <Filter>src</Filter>
    </ClCompile>
    <ClCompile Include="vendor\ImGui\imgui.cpp">
      <Filter>vendor\ImGui</Filter>
    </ClCompile>
    <ClCompile Include="vendor\ImGui\imgui_demo.cpp">
      <Filter>vendor\ImGui</Filter>
    </ClCompile>
    <ClCompile Include="vendor\ImGui\imgui_draw.cpp">
      <Filter>vendor\ImGui</Filter>
    </ClCompile>
    <ClCompile Include="vendor\ImGui\imgui_impl_sdl2.cpp">
      <Filter>vendor\ImGui</Filter>
    </ClCompile>
    <ClCompile Include="vendor\ImGui\imgui_impl_sdlrenderer2.cpp">
      <Filter>vendor\ImGui</Filter>
    </ClCompile>
    <ClCompile Include="vendor\ImGui\imgui_tables.cpp">
      <Filter>vendor\ImGui</Filter>
    </ClCompile>
    <ClCompile Include="vendor\ImGui\imgui_widgets.cpp">
      <Filter>vendor\ImGui</Filter>
    </ClCompile>
    <ClCompile Include="vendor\nativefiledialog\nfd_win.cpp">
      <Filter>vendor\nativefiledialog</Filter>
    </ClCompile>
  </ItemGroup>
</Project>